// !$*UTF8*$!
{
	archiveVersion = 1;
	classes = {
	};
	objectVersion = 46;
	objects = {

/* Begin PBXBuildFile section */
		044B22CF1DE572CE00F22A92 /* ViewController.swift in Sources */ = {isa = PBXBuildFile; fileRef = 044B22CE1DE572CE00F22A92 /* ViewController.swift */; };
		044B22D21DE572CE00F22A92 /* Main.storyboard in Resources */ = {isa = PBXBuildFile; fileRef = 044B22D01DE572CE00F22A92 /* Main.storyboard */; };
		044B22D71DE572CE00F22A92 /* LaunchScreen.storyboard in Resources */ = {isa = PBXBuildFile; fileRef = 044B22D51DE572CE00F22A92 /* LaunchScreen.storyboard */; };
		044B22FA1DE5807700F22A92 /* WPTabBarController.swift in Sources */ = {isa = PBXBuildFile; fileRef = 044B22F91DE5807700F22A92 /* WPTabBarController.swift */; };
		044B22FC1DE5809600F22A92 /* WPDiscoverViewController.swift in Sources */ = {isa = PBXBuildFile; fileRef = 044B22FB1DE5809600F22A92 /* WPDiscoverViewController.swift */; };
		044B22FE1DE580A400F22A92 /* WPContactViewController.swift in Sources */ = {isa = PBXBuildFile; fileRef = 044B22FD1DE580A400F22A92 /* WPContactViewController.swift */; };
		044B23001DE580B200F22A92 /* WPHomeViewController.swift in Sources */ = {isa = PBXBuildFile; fileRef = 044B22FF1DE580B200F22A92 /* WPHomeViewController.swift */; };
		044B23021DE580CF00F22A92 /* WPMineViewController.swift in Sources */ = {isa = PBXBuildFile; fileRef = 044B23011DE580CF00F22A92 /* WPMineViewController.swift */; };
		044B23041DE5813800F22A92 /* WPNavigationController.swift in Sources */ = {isa = PBXBuildFile; fileRef = 044B23031DE5813800F22A92 /* WPNavigationController.swift */; };
		044B23081DE5956700F22A92 /* AppDelegate.swift in Sources */ = {isa = PBXBuildFile; fileRef = 044B23071DE5956700F22A92 /* AppDelegate.swift */; };
		044B230A1DE5977400F22A92 /* Images.xcassets in Resources */ = {isa = PBXBuildFile; fileRef = 044B23091DE5977400F22A92 /* Images.xcassets */; };
/* End PBXBuildFile section */

/* Begin PBXFileReference section */
		044B22C91DE572CE00F22A92 /* ChangeTabBatItem.app */ = {isa = PBXFileReference; explicitFileType = wrapper.application; includeInIndex = 0; path = ChangeTabBatItem.app; sourceTree = BUILT_PRODUCTS_DIR; };
		044B22CE1DE572CE00F22A92 /* ViewController.swift */ = {isa = PBXFileReference; lastKnownFileType = sourcecode.swift; name = ViewController.swift; path = ../ViewController.swift; sourceTree = "<group>"; };
		044B22D11DE572CE00F22A92 /* Base */ = {isa = PBXFileReference; lastKnownFileType = file.storyboard; name = Base; path = Base.lproj/Main.storyboard; sourceTree = "<group>"; };
		044B22D61DE572CE00F22A92 /* Base */ = {isa = PBXFileReference; lastKnownFileType = file.storyboard; name = Base; path = Base.lproj/LaunchScreen.storyboard; sourceTree = "<group>"; };
		044B22D81DE572CE00F22A92 /* Info.plist */ = {isa = PBXFileReference; lastKnownFileType = text.plist.xml; name = Info.plist; path = ../Info.plist; sourceTree = "<group>"; };
		044B22F91DE5807700F22A92 /* WPTabBarController.swift */ = {isa = PBXFileReference; fileEncoding = 4; lastKnownFileType = sourcecode.swift; path = WPTabBarController.swift; sourceTree = "<group>"; };
		044B22FB1DE5809600F22A92 /* WPDiscoverViewController.swift */ = {isa = PBXFileReference; fileEncoding = 4; lastKnownFileType = sourcecode.swift; path = WPDiscoverViewController.swift; sourceTree = "<group>"; };
		044B22FD1DE580A400F22A92 /* WPContactViewController.swift */ = {isa = PBXFileReference; fileEncoding = 4; lastKnownFileType = sourcecode.swift; path = WPContactViewController.swift; sourceTree = "<group>"; };
		044B22FF1DE580B200F22A92 /* WPHomeViewController.swift */ = {isa = PBXFileReference; fileEncoding = 4; lastKnownFileType = sourcecode.swift; path = WPHomeViewController.swift; sourceTree = "<group>"; };
		044B23011DE580CF00F22A92 /* WPMineViewController.swift */ = {isa = PBXFileReference; fileEncoding = 4; lastKnownFileType = sourcecode.swift; path = WPMineViewController.swift; sourceTree = "<group>"; };
		044B23031DE5813800F22A92 /* WPNavigationController.swift */ = {isa = PBXFileReference; fileEncoding = 4; lastKnownFileType = sourcecode.swift; path = WPNavigationController.swift; sourceTree = "<group>"; };
		044B23071DE5956700F22A92 /* AppDelegate.swift */ = {isa = PBXFileReference; fileEncoding = 4; lastKnownFileType = sourcecode.swift; name = AppDelegate.swift; path = ChangeTabBatItem/AppDelegate.swift; sourceTree = SOURCE_ROOT; };
		044B23091DE5977400F22A92 /* Images.xcassets */ = {isa = PBXFileReference; lastKnownFileType = folder.assetcatalog; name = Images.xcassets; path = ../Images.xcassets; sourceTree = "<group>"; };
/* End PBXFileReference section */

/* Begin PBXFrameworksBuildPhase section */
		044B22C61DE572CE00F22A92 /* Frameworks */ = {
			isa = PBXFrameworksBuildPhase;
			buildActionMask = 2147483647;
			files = (
			);
			runOnlyForDeploymentPostprocessing = 0;
		};
/* End PBXFrameworksBuildPhase section */

/* Begin PBXGroup section */
		044B22C01DE572CE00F22A92 = {
			isa = PBXGroup;
			children = (
				044B22CB1DE572CE00F22A92 /* ChangeTabBatItem */,
				044B22CA1DE572CE00F22A92 /* Products */,
			);
			sourceTree = "<group>";
		};
		044B22CA1DE572CE00F22A92 /* Products */ = {
			isa = PBXGroup;
			children = (
				044B22C91DE572CE00F22A92 /* ChangeTabBatItem.app */,
			);
			name = Products;
			sourceTree = "<group>";
		};
		044B22CB1DE572CE00F22A92 /* ChangeTabBatItem */ = {
			isa = PBXGroup;
			children = (
				044B22F81DE577CF00F22A92 /* ReSource */,
				044B22DE1DE5763600F22A92 /* Class */,
			);
			path = ChangeTabBatItem;
			sourceTree = "<group>";
		};
		044B22DE1DE5763600F22A92 /* Class */ = {
			isa = PBXGroup;
			children = (
				044B22F41DE5763600F22A92 /* Wechat(微信) */,
				044B22DF1DE5763600F22A92 /* Contact(联系人) */,
				044B22E31DE5763600F22A92 /* Discover(发现) */,
				044B22F01DE5763600F22A92 /* Mine(我) */,
				044B22E71DE5763600F22A92 /* Main(主要) */,
			);
			path = Class;
			sourceTree = "<group>";
		};
		044B22DF1DE5763600F22A92 /* Contact(联系人) */ = {
			isa = PBXGroup;
			children = (
				044B22E01DE5763600F22A92 /* Controller */,
				044B22E11DE5763600F22A92 /* Model */,
				044B22E21DE5763600F22A92 /* View */,
			);
			name = "Contact(联系人)";
			path = Contact;
			sourceTree = "<group>";
		};
		044B22E01DE5763600F22A92 /* Controller */ = {
			isa = PBXGroup;
			children = (
				044B22FD1DE580A400F22A92 /* WPContactViewController.swift */,
			);
			path = Controller;
			sourceTree = "<group>";
		};
		044B22E11DE5763600F22A92 /* Model */ = {
			isa = PBXGroup;
			children = (
			);
			path = Model;
			sourceTree = "<group>";
		};
		044B22E21DE5763600F22A92 /* View */ = {
			isa = PBXGroup;
			children = (
			);
			path = View;
			sourceTree = "<group>";
		};
		044B22E31DE5763600F22A92 /* Discover(发现) */ = {
			isa = PBXGroup;
			children = (
				044B22E41DE5763600F22A92 /* Controller */,
				044B22E51DE5763600F22A92 /* Model */,
				044B22E61DE5763600F22A92 /* View */,
			);
			name = "Discover(发现)";
			path = Discover;
			sourceTree = "<group>";
		};
		044B22E41DE5763600F22A92 /* Controller */ = {
			isa = PBXGroup;
			children = (
				044B22FB1DE5809600F22A92 /* WPDiscoverViewController.swift */,
			);
			path = Controller;
			sourceTree = "<group>";
		};
		044B22E51DE5763600F22A92 /* Model */ = {
			isa = PBXGroup;
			children = (
			);
			path = Model;
			sourceTree = "<group>";
		};
		044B22E61DE5763600F22A92 /* View */ = {
			isa = PBXGroup;
			children = (
			);
			path = View;
			sourceTree = "<group>";
		};
		044B22E71DE5763600F22A92 /* Main(主要) */ = {
			isa = PBXGroup;
			children = (
				044B22E81DE5763600F22A92 /* Catgory */,
				044B22E91DE5763600F22A92 /* Controller */,
				044B22EA1DE5763600F22A92 /* Lib */,
				044B22EB1DE5763600F22A92 /* Model */,
				044B22EC1DE5763600F22A92 /* Other */,
				044B22ED1DE5763600F22A92 /* PCH */,
				044B22EE1DE5763600F22A92 /* Tool */,
				044B22EF1DE5763600F22A92 /* View */,
			);
			name = "Main(主要)";
			path = Main;
			sourceTree = "<group>";
		};
		044B22E81DE5763600F22A92 /* Catgory */ = {
			isa = PBXGroup;
			children = (
			);
			path = Catgory;
			sourceTree = "<group>";
		};
		044B22E91DE5763600F22A92 /* Controller */ = {
			isa = PBXGroup;
			children = (
				044B22F91DE5807700F22A92 /* WPTabBarController.swift */,
				044B23031DE5813800F22A92 /* WPNavigationController.swift */,
			);
			path = Controller;
			sourceTree = "<group>";
		};
		044B22EA1DE5763600F22A92 /* Lib */ = {
			isa = PBXGroup;
			children = (
			);
			path = Lib;
			sourceTree = "<group>";
		};
		044B22EB1DE5763600F22A92 /* Model */ = {
			isa = PBXGroup;
			children = (
			);
			path = Model;
			sourceTree = "<group>";
		};
		044B22EC1DE5763600F22A92 /* Other */ = {
			isa = PBXGroup;
			children = (
				044B23071DE5956700F22A92 /* AppDelegate.swift */,
			);
			path = Other;
			sourceTree = "<group>";
		};
		044B22ED1DE5763600F22A92 /* PCH */ = {
			isa = PBXGroup;
			children = (
			);
			path = PCH;
			sourceTree = "<group>";
		};
		044B22EE1DE5763600F22A92 /* Tool */ = {
			isa = PBXGroup;
			children = (
			);
			path = Tool;
			sourceTree = "<group>";
		};
		044B22EF1DE5763600F22A92 /* View */ = {
			isa = PBXGroup;
			children = (
			);
			path = View;
			sourceTree = "<group>";
		};
		044B22F01DE5763600F22A92 /* Mine(我) */ = {
			isa = PBXGroup;
			children = (
				044B22F11DE5763600F22A92 /* Controller */,
				044B22F21DE5763600F22A92 /* Model */,
				044B22F31DE5763600F22A92 /* View */,
			);
			name = "Mine(我)";
			path = Mine;
			sourceTree = "<group>";
		};
		044B22F11DE5763600F22A92 /* Controller */ = {
			isa = PBXGroup;
			children = (
				044B23011DE580CF00F22A92 /* WPMineViewController.swift */,
			);
			path = Controller;
			sourceTree = "<group>";
		};
		044B22F21DE5763600F22A92 /* Model */ = {
			isa = PBXGroup;
			children = (
			);
			path = Model;
			sourceTree = "<group>";
		};
		044B22F31DE5763600F22A92 /* View */ = {
			isa = PBXGroup;
			children = (
			);
			path = View;
			sourceTree = "<group>";
		};
		044B22F41DE5763600F22A92 /* Wechat(微信) */ = {
			isa = PBXGroup;
			children = (
				044B22F51DE5763600F22A92 /* Controller */,
				044B22F61DE5763600F22A92 /* Model */,
				044B22F71DE5763600F22A92 /* View */,
			);
			name = "Wechat(微信)";
			path = Wechat;
			sourceTree = "<group>";
		};
		044B22F51DE5763600F22A92 /* Controller */ = {
			isa = PBXGroup;
			children = (
				044B22FF1DE580B200F22A92 /* WPHomeViewController.swift */,
			);
			path = Controller;
			sourceTree = "<group>";
		};
		044B22F61DE5763600F22A92 /* Model */ = {
			isa = PBXGroup;
			children = (
			);
			path = Model;
			sourceTree = "<group>";
		};
		044B22F71DE5763600F22A92 /* View */ = {
			isa = PBXGroup;
			children = (
			);
			path = View;
			sourceTree = "<group>";
		};
		044B22F81DE577CF00F22A92 /* ReSource */ = {
			isa = PBXGroup;
			children = (
				044B22CE1DE572CE00F22A92 /* ViewController.swift */,
				044B22D01DE572CE00F22A92 /* Main.storyboard */,
				044B22D51DE572CE00F22A92 /* LaunchScreen.storyboard */,
				044B22D81DE572CE00F22A92 /* Info.plist */,
				044B23091DE5977400F22A92 /* Images.xcassets */,
			);
			path = ReSource;
			sourceTree = "<group>";
		};
/* End PBXGroup section */

/* Begin PBXNativeTarget section */
		044B22C81DE572CE00F22A92 /* ChangeTabBatItem */ = {
			isa = PBXNativeTarget;
			buildConfigurationList = 044B22DB1DE572CE00F22A92 /* Build configuration list for PBXNativeTarget "ChangeTabBatItem" */;
			buildPhases = (
				044B22C51DE572CE00F22A92 /* Sources */,
				044B22C61DE572CE00F22A92 /* Frameworks */,
				044B22C71DE572CE00F22A92 /* Resources */,
			);
			buildRules = (
			);
			dependencies = (
			);
			name = ChangeTabBatItem;
			productName = ChangeTabBatItem;
			productReference = 044B22C91DE572CE00F22A92 /* ChangeTabBatItem.app */;
			productType = "com.apple.product-type.application";
		};
/* End PBXNativeTarget section */

/* Begin PBXProject section */
		044B22C11DE572CE00F22A92 /* Project object */ = {
			isa = PBXProject;
			attributes = {
				CLASSPREFIX = WP;
				LastSwiftUpdateCheck = 0810;
				LastUpgradeCheck = 0810;
				ORGANIZATIONNAME = Micheal;
				TargetAttributes = {
					044B22C81DE572CE00F22A92 = {
						CreatedOnToolsVersion = 8.1;
						DevelopmentTeam = E98CQ6NJE7;
						ProvisioningStyle = Automatic;
					};
				};
			};
			buildConfigurationList = 044B22C41DE572CE00F22A92 /* Build configuration list for PBXProject "ChangeTabBatItem" */;
			compatibilityVersion = "Xcode 3.2";
			developmentRegion = English;
			hasScannedForEncodings = 0;
			knownRegions = (
				en,
				Base,
			);
			mainGroup = 044B22C01DE572CE00F22A92;
			productRefGroup = 044B22CA1DE572CE00F22A92 /* Products */;
			projectDirPath = "";
			projectRoot = "";
			targets = (
				044B22C81DE572CE00F22A92 /* ChangeTabBatItem */,
			);
		};
/* End PBXProject section */

/* Begin PBXResourcesBuildPhase section */
		044B22C71DE572CE00F22A92 /* Resources */ = {
			isa = PBXResourcesBuildPhase;
			buildActionMask = 2147483647;
			files = (
				044B22D71DE572CE00F22A92 /* LaunchScreen.storyboard in Resources */,
				044B230A1DE5977400F22A92 /* Images.xcassets in Resources */,
				044B22D21DE572CE00F22A92 /* Main.storyboard in Resources */,
			);
			runOnlyForDeploymentPostprocessing = 0;
		};
/* End PBXResourcesBuildPhase section */

/* Begin PBXSourcesBuildPhase section */
		044B22C51DE572CE00F22A92 /* Sources */ = {
			isa = PBXSourcesBuildPhase;
			buildActionMask = 2147483647;
			files = (
				044B23081DE5956700F22A92 /* AppDelegate.swift in Sources */,
				044B22FE1DE580A400F22A92 /* WPContactViewController.swift in Sources */,
				044B22CF1DE572CE00F22A92 /* ViewController.swift in Sources */,
				044B23041DE5813800F22A92 /* WPNavigationController.swift in Sources */,
				044B23001DE580B200F22A92 /* WPHomeViewController.swift in Sources */,
				044B22FA1DE5807700F22A92 /* WPTabBarController.swift in Sources */,
				044B23021DE580CF00F22A92 /* WPMineViewController.swift in Sources */,
				044B22FC1DE5809600F22A92 /* WPDiscoverViewController.swift in Sources */,
			);
			runOnlyForDeploymentPostprocessing = 0;
		};
/* End PBXSourcesBuildPhase section */

/* Begin PBXVariantGroup section */
		044B22D01DE572CE00F22A92 /* Main.storyboard */ = {
			isa = PBXVariantGroup;
			children = (
				044B22D11DE572CE00F22A92 /* Base */,
			);
			name = Main.storyboard;
			path = ..;
			sourceTree = "<group>";
		};
		044B22D51DE572CE00F22A92 /* LaunchScreen.storyboard */ = {
			isa = PBXVariantGroup;
			children = (
				044B22D61DE572CE00F22A92 /* Base */,
			);
			name = LaunchScreen.storyboard;
			path = ..;
			sourceTree = "<group>";
		};
/* End PBXVariantGroup section */

/* Begin XCBuildConfiguration section */
		044B22D91DE572CE00F22A92 /* Debug */ = {
			isa = XCBuildConfiguration;
			buildSettings = {
				ALWAYS_SEARCH_USER_PATHS = NO;
				CLANG_ANALYZER_NONNULL = YES;
				CLANG_CXX_LANGUAGE_STANDARD = "gnu++0x";
				CLANG_CXX_LIBRARY = "libc++";
				CLANG_ENABLE_MODULES = YES;
				CLANG_ENABLE_OBJC_ARC = YES;
				CLANG_WARN_BOOL_CONVERSION = YES;
				CLANG_WARN_CONSTANT_CONVERSION = YES;
				CLANG_WARN_DIRECT_OBJC_ISA_USAGE = YES_ERROR;
				CLANG_WARN_DOCUMENTATION_COMMENTS = YES;
				CLANG_WARN_EMPTY_BODY = YES;
				CLANG_WARN_ENUM_CONVERSION = YES;
				CLANG_WARN_INFINITE_RECURSION = YES;
				CLANG_WARN_INT_CONVERSION = YES;
				CLANG_WARN_OBJC_ROOT_CLASS = YES_ERROR;
				CLANG_WARN_SUSPICIOUS_MOVES = YES;
				CLANG_WARN_UNREACHABLE_CODE = YES;
				CLANG_WARN__DUPLICATE_METHOD_MATCH = YES;
				"CODE_SIGN_IDENTITY[sdk=iphoneos*]" = "iPhone Developer";
				COPY_PHASE_STRIP = NO;
				DEBUG_INFORMATION_FORMAT = dwarf;
				ENABLE_STRICT_OBJC_MSGSEND = YES;
				ENABLE_TESTABILITY = YES;
				GCC_C_LANGUAGE_STANDARD = gnu99;
				GCC_DYNAMIC_NO_PIC = NO;
				GCC_NO_COMMON_BLOCKS = YES;
				GCC_OPTIMIZATION_LEVEL = 0;
				GCC_PREPROCESSOR_DEFINITIONS = (
					"DEBUG=1",
					"$(inherited)",
				);
				GCC_WARN_64_TO_32_BIT_CONVERSION = YES;
				GCC_WARN_ABOUT_RETURN_TYPE = YES_ERROR;
				GCC_WARN_UNDECLARED_SELECTOR = YES;
				GCC_WARN_UNINITIALIZED_AUTOS = YES_AGGRESSIVE;
				GCC_WARN_UNUSED_FUNCTION = YES;
				GCC_WARN_UNUSED_VARIABLE = YES;
				IPHONEOS_DEPLOYMENT_TARGET = 9.0;
				MTL_ENABLE_DEBUG_INFO = YES;
				ONLY_ACTIVE_ARCH = YES;
				SDKROOT = iphoneos;
				SWIFT_ACTIVE_COMPILATION_CONDITIONS = DEBUG;
				SWIFT_OPTIMIZATION_LEVEL = "-Onone";
				TARGETED_DEVICE_FAMILY = "1,2";
			};
			name = Debug;
		};
		044B22DA1DE572CE00F22A92 /* Release */ = {
			isa = XCBuildConfiguration;
			buildSettings = {
				ALWAYS_SEARCH_USER_PATHS = NO;
				CLANG_ANALYZER_NONNULL = YES;
				CLANG_CXX_LANGUAGE_STANDARD = "gnu++0x";
				CLANG_CXX_LIBRARY = "libc++";
				CLANG_ENABLE_MODULES = YES;
				CLANG_ENABLE_OBJC_ARC = YES;
				CLANG_WARN_BOOL_CONVERSION = YES;
				CLANG_WARN_CONSTANT_CONVERSION = YES;
				CLANG_WARN_DIRECT_OBJC_ISA_USAGE = YES_ERROR;
				CLANG_WARN_DOCUMENTATION_COMMENTS = YES;
				CLANG_WARN_EMPTY_BODY = YES;
				CLANG_WARN_ENUM_CONVERSION = YES;
				CLANG_WARN_INFINITE_RECURSION = YES;
				CLANG_WARN_INT_CONVERSION = YES;
				CLANG_WARN_OBJC_ROOT_CLASS = YES_ERROR;
				CLANG_WARN_SUSPICIOUS_MOVES = YES;
				CLANG_WARN_UNREACHABLE_CODE = YES;
				CLANG_WARN__DUPLICATE_METHOD_MATCH = YES;
				"CODE_SIGN_IDENTITY[sdk=iphoneos*]" = "iPhone Developer";
				COPY_PHASE_STRIP = NO;
				DEBUG_INFORMATION_FORMAT = "dwarf-with-dsym";
				ENABLE_NS_ASSERTIONS = NO;
				ENABLE_STRICT_OBJC_MSGSEND = YES;
				GCC_C_LANGUAGE_STANDARD = gnu99;
				GCC_NO_COMMON_BLOCKS = YES;
				GCC_WARN_64_TO_32_BIT_CONVERSION = YES;
				GCC_WARN_ABOUT_RETURN_TYPE = YES_ERROR;
				GCC_WARN_UNDECLARED_SELECTOR = YES;
				GCC_WARN_UNINITIALIZED_AUTOS = YES_AGGRESSIVE;
				GCC_WARN_UNUSED_FUNCTION = YES;
				GCC_WARN_UNUSED_VARIABLE = YES;
				IPHONEOS_DEPLOYMENT_TARGET = 9.0;
				MTL_ENABLE_DEBUG_INFO = NO;
				SDKROOT = iphoneos;
				SWIFT_OPTIMIZATION_LEVEL = "-Owholemodule";
				TARGETED_DEVICE_FAMILY = "1,2";
				VALIDATE_PRODUCT = YES;
			};
			name = Release;
		};
		044B22DC1DE572CE00F22A92 /* Debug */ = {
			isa = XCBuildConfiguration;
			buildSettings = {
				ASSETCATALOG_COMPILER_APPICON_NAME = AppIcon;
				DEVELOPMENT_TEAM = E98CQ6NJE7;
				INFOPLIST_FILE = ChangeTabBatItem/Info.plist;
				IPHONEOS_DEPLOYMENT_TARGET = 9.0;
				LD_RUNPATH_SEARCH_PATHS = "$(inherited) @executable_path/Frameworks";
				PRODUCT_BUNDLE_IDENTIFIER = com.blrise.ChangeTabBatItem;
				PRODUCT_NAME = "$(TARGET_NAME)";
				SWIFT_VERSION = 3.0;
			};
			name = Debug;
		};
		044B22DD1DE572CE00F22A92 /* Release */ = {
			isa = XCBuildConfiguration;
			buildSettings = {
				ASSETCATALOG_COMPILER_APPICON_NAME = AppIcon;
				DEVELOPMENT_TEAM = E98CQ6NJE7;
				INFOPLIST_FILE = ChangeTabBatItem/Info.plist;
				IPHONEOS_DEPLOYMENT_TARGET = 9.0;
				LD_RUNPATH_SEARCH_PATHS = "$(inherited) @executable_path/Frameworks";
				PRODUCT_BUNDLE_IDENTIFIER = com.blrise.ChangeTabBatItem;
				PRODUCT_NAME = "$(TARGET_NAME)";
				SWIFT_VERSION = 3.0;
			};
			name = Release;
		};
/* End XCBuildConfiguration section */

/* Begin XCConfigurationList section */
		044B22C41DE572CE00F22A92 /* Build configuration list for PBXProject "ChangeTabBatItem" */ = {
			isa = XCConfigurationList;
			buildConfigurations = (
				044B22D91DE572CE00F22A92 /* Debug */,
				044B22DA1DE572CE00F22A92 /* Release */,
			);
			defaultConfigurationIsVisible = 0;
			defaultConfigurationName = Release;
		};
		044B22DB1DE572CE00F22A92 /* Build configuration list for PBXNativeTarget "ChangeTabBatItem" */ = {
			isa = XCConfigurationList;
			buildConfigurations = (
				044B22DC1DE572CE00F22A92 /* Debug */,
				044B22DD1DE572CE00F22A92 /* Release */,
			);
			defaultConfigurationIsVisible = 0;
			defaultConfigurationName = Release;
		};
/* End XCConfigurationList section */
	};
	rootObject = 044B22C11DE572CE00F22A92 /* Project object */;
}
